
Microsoft Visual Studio Solution File, Format Version 12.00
# Visual Studio 15
Project("{FAE04EC0-301F-11D3-BF4B-00C04F79EFBC}") = "Assembly-CSharp", "Assembly-CSharp.csproj", "{067D5C44-2C89-9675-DF75-557AC5D5748C}"
EndProject
Project("{FAE04EC0-301F-11D3-BF4B-00C04F79EFBC}") = "Assembly-CSharp-Editor", "Assembly-CSharp-Editor.csproj", "{BC264292-A7CF-B334-AC04-B9311B33102C}"
EndProject
Global
	GlobalSection(SolutionConfigurationPlatforms) = preSolution
		Debug|Any CPU = Debug|Any CPU
		Release|Any CPU = Release|Any CPU
	EndGlobalSection
	GlobalSection(ProjectConfigurationPlatforms) = postSolution
		{067D5C44-2C89-9675-DF75-557AC5D5748C}.Debug|Any CPU.ActiveCfg = Debug|Any CPU
		{067D5C44-2C89-9675-DF75-557AC5D5748C}.Debug|Any CPU.Build.0 = Debug|Any CPU
		{067D5C44-2C89-9675-DF75-557AC5D5748C}.Release|Any CPU.ActiveCfg = Release|Any CPU
		{067D5C44-2C89-9675-DF75-557AC5D5748C}.Release|Any CPU.Build.0 = Release|Any CPU
		{BC264292-A7CF-B334-AC04-B9311B33102C}.Debug|Any CPU.ActiveCfg = Debug|Any CPU
		{BC264292-A7CF-B334-AC04-B9311B33102C}.Debug|Any CPU.Build.0 = Debug|Any CPU
		{BC264292-A7CF-B334-AC04-B9311B33102C}.Release|Any CPU.ActiveCfg = Release|Any CPU
		{BC264292-A7CF-B334-AC04-B9311B33102C}.Release|Any CPU.Build.0 = Release|Any CPU
	EndGlobalSection
	GlobalSection(SolutionProperties) = preSolution
		HideSolutionNode = FALSE
	EndGlobalSection
EndGlobal
